// !$*UTF8*$!
{
	archiveVersion = 1;
	classes = {
	};
	objectVersion = 48;
	objects = {

/* Begin PBXBuildFile section */
		0B55CFC5865E45C834AC9A58 /* Pods_Passvault_iOS.framework in Frameworks */ = {isa = PBXBuildFile; fileRef = F9C073814ED4D6C1884191B4 /* Pods_Passvault_iOS.framework */; };
		7F0A578F1FD7452F00C72999 /* SettingsTabBarController.swift in Sources */ = {isa = PBXBuildFile; fileRef = 7F0A578E1FD7452F00C72999 /* SettingsTabBarController.swift */; };
		7F0A57911FD749A300C72999 /* GeneralSettingsViewController.swift in Sources */ = {isa = PBXBuildFile; fileRef = 7F0A57901FD749A300C72999 /* GeneralSettingsViewController.swift */; };
		7F0A57931FD749C500C72999 /* PasswordGeneratorSettingsViewController.swift in Sources */ = {isa = PBXBuildFile; fileRef = 7F0A57921FD749C500C72999 /* PasswordGeneratorSettingsViewController.swift */; };
		7F0A57951FD74C9300C72999 /* SyncSettingsViewController.swift in Sources */ = {isa = PBXBuildFile; fileRef = 7F0A57941FD74C9300C72999 /* SyncSettingsViewController.swift */; };
		7F14B0CC1FCE5DB100F6A203 /* CoreDataUtils.swift in Sources */ = {isa = PBXBuildFile; fileRef = 7F14B0CB1FCE5DB100F6A203 /* CoreDataUtils.swift */; };
		7F41B2611FDD49B700228884 /* SyncMessages.swift in Sources */ = {isa = PBXBuildFile; fileRef = 7F41B2601FDD49B700228884 /* SyncMessages.swift */; };
		7F54EE3B1FCD5AB3009C0F0D /* CommonCrypto.m in Sources */ = {isa = PBXBuildFile; fileRef = 7F54EE3A1FCD5AB3009C0F0D /* CommonCrypto.m */; };
		7F54EE3E1FCD640C009C0F0D /* Crypt.swift in Sources */ = {isa = PBXBuildFile; fileRef = 7F54EE3D1FCD640C009C0F0D /* Crypt.swift */; };
		7F674D491FD9357200A0374A /* AddAccountViewController.swift in Sources */ = {isa = PBXBuildFile; fileRef = 7F674D481FD9357200A0374A /* AddAccountViewController.swift */; };
		7F80EA4F1FD3EA0600E948EF /* AccountTableViewCell.swift in Sources */ = {isa = PBXBuildFile; fileRef = 7F80EA4D1FD3EA0600E948EF /* AccountTableViewCell.swift */; };
		7F80EA501FD3EA0600E948EF /* AccountTableViewCell.xib in Resources */ = {isa = PBXBuildFile; fileRef = 7F80EA4E1FD3EA0600E948EF /* AccountTableViewCell.xib */; };
		7F8E9BD81FCE86C1008397FA /* AccountsListViewController.swift in Sources */ = {isa = PBXBuildFile; fileRef = 7F8E9BD71FCE86C1008397FA /* AccountsListViewController.swift */; };
		7FA8F3AA1FCBAC610077C4F5 /* AppDelegate.swift in Sources */ = {isa = PBXBuildFile; fileRef = 7FA8F3A91FCBAC610077C4F5 /* AppDelegate.swift */; };
		7FA8F3AC1FCBAC610077C4F5 /* LoginViewController.swift in Sources */ = {isa = PBXBuildFile; fileRef = 7FA8F3AB1FCBAC610077C4F5 /* LoginViewController.swift */; };
		7FA8F3AF1FCBAC610077C4F5 /* Main.storyboard in Resources */ = {isa = PBXBuildFile; fileRef = 7FA8F3AD1FCBAC610077C4F5 /* Main.storyboard */; };
		7FA8F3B11FCBAC610077C4F5 /* Assets.xcassets in Resources */ = {isa = PBXBuildFile; fileRef = 7FA8F3B01FCBAC610077C4F5 /* Assets.xcassets */; };
		7FA8F3B41FCBAC610077C4F5 /* LaunchScreen.storyboard in Resources */ = {isa = PBXBuildFile; fileRef = 7FA8F3B21FCBAC610077C4F5 /* LaunchScreen.storyboard */; };
		7FA8F3DE1FCBB4200077C4F5 /* Passvault iOS.xcdatamodeld in Sources */ = {isa = PBXBuildFile; fileRef = 7FA8F3DC1FCBB4200077C4F5 /* Passvault iOS.xcdatamodeld */; };
		7FAB59451FD00CF900FF8FF5 /* AccountDetailsViewController.swift in Sources */ = {isa = PBXBuildFile; fileRef = 7FAB59441FD00CF900FF8FF5 /* AccountDetailsViewController.swift */; };
		7FAD8E8C1FD988420081CB86 /* SyncClient.swift in Sources */ = {isa = PBXBuildFile; fileRef = 7FAD8E8B1FD988420081CB86 /* SyncClient.swift */; };
		7FBDF57B1FD6528400F79D31 /* RandomPasswordGenerator.swift in Sources */ = {isa = PBXBuildFile; fileRef = 7FBDF57A1FD6528400F79D31 /* RandomPasswordGenerator.swift */; };
		7FE3723D1FCBC295008EAA1F /* Account.swift in Sources */ = {isa = PBXBuildFile; fileRef = 7FE3723C1FCBC295008EAA1F /* Account.swift */; };
		7FE372401FCBD632008EAA1F /* Utils.swift in Sources */ = {isa = PBXBuildFile; fileRef = 7FE3723F1FCBD632008EAA1F /* Utils.swift */; };
		7FF60BBF1FDF5935000B8BF3 /* ButtonTableViewCell.swift in Sources */ = {isa = PBXBuildFile; fileRef = 7FF60BBD1FDF5935000B8BF3 /* ButtonTableViewCell.swift */; };
		7FF60BC01FDF5935000B8BF3 /* ButtonTableViewCell.xib in Resources */ = {isa = PBXBuildFile; fileRef = 7FF60BBE1FDF5935000B8BF3 /* ButtonTableViewCell.xib */; };
/* End PBXBuildFile section */

/* Begin PBXFileReference section */
		7F0A578E1FD7452F00C72999 /* SettingsTabBarController.swift */ = {isa = PBXFileReference; lastKnownFileType = sourcecode.swift; path = SettingsTabBarController.swift; sourceTree = "<group>"; };
		7F0A57901FD749A300C72999 /* GeneralSettingsViewController.swift */ = {isa = PBXFileReference; lastKnownFileType = sourcecode.swift; path = GeneralSettingsViewController.swift; sourceTree = "<group>"; };
		7F0A57921FD749C500C72999 /* PasswordGeneratorSettingsViewController.swift */ = {isa = PBXFileReference; lastKnownFileType = sourcecode.swift; path = PasswordGeneratorSettingsViewController.swift; sourceTree = "<group>"; };
		7F0A57941FD74C9300C72999 /* SyncSettingsViewController.swift */ = {isa = PBXFileReference; lastKnownFileType = sourcecode.swift; path = SyncSettingsViewController.swift; sourceTree = "<group>"; };
		7F14B0CB1FCE5DB100F6A203 /* CoreDataUtils.swift */ = {isa = PBXFileReference; lastKnownFileType = sourcecode.swift; path = CoreDataUtils.swift; sourceTree = "<group>"; };
		7F41B2601FDD49B700228884 /* SyncMessages.swift */ = {isa = PBXFileReference; lastKnownFileType = sourcecode.swift; path = SyncMessages.swift; sourceTree = "<group>"; };
		7F54EE391FCD5AB2009C0F0D /* Passvault iOS-Bridging-Header.h */ = {isa = PBXFileReference; lastKnownFileType = sourcecode.c.h; path = "Passvault iOS-Bridging-Header.h"; sourceTree = "<group>"; };
		7F54EE3A1FCD5AB3009C0F0D /* CommonCrypto.m */ = {isa = PBXFileReference; fileEncoding = 4; lastKnownFileType = sourcecode.c.objc; path = CommonCrypto.m; sourceTree = "<group>"; };
		7F54EE3C1FCD5AD5009C0F0D /* CommonCrypto.h */ = {isa = PBXFileReference; lastKnownFileType = sourcecode.c.h; path = CommonCrypto.h; sourceTree = "<group>"; };
		7F54EE3D1FCD640C009C0F0D /* Crypt.swift */ = {isa = PBXFileReference; lastKnownFileType = sourcecode.swift; path = Crypt.swift; sourceTree = "<group>"; };
		7F674D481FD9357200A0374A /* AddAccountViewController.swift */ = {isa = PBXFileReference; lastKnownFileType = sourcecode.swift; path = AddAccountViewController.swift; sourceTree = "<group>"; };
		7F80EA4D1FD3EA0600E948EF /* AccountTableViewCell.swift */ = {isa = PBXFileReference; lastKnownFileType = sourcecode.swift; path = AccountTableViewCell.swift; sourceTree = "<group>"; };
		7F80EA4E1FD3EA0600E948EF /* AccountTableViewCell.xib */ = {isa = PBXFileReference; lastKnownFileType = file.xib; path = AccountTableViewCell.xib; sourceTree = "<group>"; };
		7F8E9BD71FCE86C1008397FA /* AccountsListViewController.swift */ = {isa = PBXFileReference; lastKnownFileType = sourcecode.swift; path = AccountsListViewController.swift; sourceTree = "<group>"; };
		7FA8F3A61FCBAC610077C4F5 /* Passvault iOS.app */ = {isa = PBXFileReference; explicitFileType = wrapper.application; includeInIndex = 0; path = "Passvault iOS.app"; sourceTree = BUILT_PRODUCTS_DIR; };
		7FA8F3A91FCBAC610077C4F5 /* AppDelegate.swift */ = {isa = PBXFileReference; lastKnownFileType = sourcecode.swift; path = AppDelegate.swift; sourceTree = "<group>"; };
		7FA8F3AB1FCBAC610077C4F5 /* LoginViewController.swift */ = {isa = PBXFileReference; lastKnownFileType = sourcecode.swift; path = LoginViewController.swift; sourceTree = "<group>"; };
		7FA8F3AE1FCBAC610077C4F5 /* Base */ = {isa = PBXFileReference; lastKnownFileType = file.storyboard; name = Base; path = Base.lproj/Main.storyboard; sourceTree = "<group>"; };
		7FA8F3B01FCBAC610077C4F5 /* Assets.xcassets */ = {isa = PBXFileReference; lastKnownFileType = folder.assetcatalog; path = Assets.xcassets; sourceTree = "<group>"; };
		7FA8F3B31FCBAC610077C4F5 /* Base */ = {isa = PBXFileReference; lastKnownFileType = file.storyboard; name = Base; path = Base.lproj/LaunchScreen.storyboard; sourceTree = "<group>"; };
		7FA8F3B51FCBAC610077C4F5 /* Info.plist */ = {isa = PBXFileReference; lastKnownFileType = text.plist.xml; path = Info.plist; sourceTree = "<group>"; };
		7FA8F3DD1FCBB4200077C4F5 /* Passvault iOS.xcdatamodel */ = {isa = PBXFileReference; lastKnownFileType = wrapper.xcdatamodel; path = "Passvault iOS.xcdatamodel"; sourceTree = "<group>"; };
		7FAB59441FD00CF900FF8FF5 /* AccountDetailsViewController.swift */ = {isa = PBXFileReference; lastKnownFileType = sourcecode.swift; path = AccountDetailsViewController.swift; sourceTree = "<group>"; };
		7FAD8E8B1FD988420081CB86 /* SyncClient.swift */ = {isa = PBXFileReference; lastKnownFileType = sourcecode.swift; path = SyncClient.swift; sourceTree = "<group>"; };
		7FBDF57A1FD6528400F79D31 /* RandomPasswordGenerator.swift */ = {isa = PBXFileReference; lastKnownFileType = sourcecode.swift; path = RandomPasswordGenerator.swift; sourceTree = "<group>"; };
		7FE3723C1FCBC295008EAA1F /* Account.swift */ = {isa = PBXFileReference; lastKnownFileType = sourcecode.swift; path = Account.swift; sourceTree = "<group>"; };
		7FE3723F1FCBD632008EAA1F /* Utils.swift */ = {isa = PBXFileReference; lastKnownFileType = sourcecode.swift; path = Utils.swift; sourceTree = "<group>"; };
		7FF60BBD1FDF5935000B8BF3 /* ButtonTableViewCell.swift */ = {isa = PBXFileReference; lastKnownFileType = sourcecode.swift; path = ButtonTableViewCell.swift; sourceTree = "<group>"; };
		7FF60BBE1FDF5935000B8BF3 /* ButtonTableViewCell.xib */ = {isa = PBXFileReference; lastKnownFileType = file.xib; path = ButtonTableViewCell.xib; sourceTree = "<group>"; };
		A372272A8AB16DDCE3FA898F /* Pods-Passvault iOS.release.xcconfig */ = {isa = PBXFileReference; includeInIndex = 1; lastKnownFileType = text.xcconfig; name = "Pods-Passvault iOS.release.xcconfig"; path = "Pods/Target Support Files/Pods-Passvault iOS/Pods-Passvault iOS.release.xcconfig"; sourceTree = "<group>"; };
		B32F283F6512DCF560B69FBB /* Pods-Passvault iOS.debug.xcconfig */ = {isa = PBXFileReference; includeInIndex = 1; lastKnownFileType = text.xcconfig; name = "Pods-Passvault iOS.debug.xcconfig"; path = "Pods/Target Support Files/Pods-Passvault iOS/Pods-Passvault iOS.debug.xcconfig"; sourceTree = "<group>"; };
		F9C073814ED4D6C1884191B4 /* Pods_Passvault_iOS.framework */ = {isa = PBXFileReference; explicitFileType = wrapper.framework; includeInIndex = 0; path = Pods_Passvault_iOS.framework; sourceTree = BUILT_PRODUCTS_DIR; };
/* End PBXFileReference section */

/* Begin PBXFrameworksBuildPhase section */
		7FA8F3A31FCBAC610077C4F5 /* Frameworks */ = {
			isa = PBXFrameworksBuildPhase;
			buildActionMask = 2147483647;
			files = (
				0B55CFC5865E45C834AC9A58 /* Pods_Passvault_iOS.framework in Frameworks */,
			);
			runOnlyForDeploymentPostprocessing = 0;
		};
/* End PBXFrameworksBuildPhase section */

/* Begin PBXGroup section */
		5695FD6BE0099AB159E0C9AD /* Pods */ = {
			isa = PBXGroup;
			children = (
				B32F283F6512DCF560B69FBB /* Pods-Passvault iOS.debug.xcconfig */,
				A372272A8AB16DDCE3FA898F /* Pods-Passvault iOS.release.xcconfig */,
			);
			name = Pods;
			sourceTree = "<group>";
		};
		7F54EE381FCD5A58009C0F0D /* crypt */ = {
			isa = PBXGroup;
			children = (
				7F54EE3C1FCD5AD5009C0F0D /* CommonCrypto.h */,
				7F54EE3A1FCD5AB3009C0F0D /* CommonCrypto.m */,
				7F54EE391FCD5AB2009C0F0D /* Passvault iOS-Bridging-Header.h */,
				7F54EE3D1FCD640C009C0F0D /* Crypt.swift */,
			);
			path = crypt;
			sourceTree = "<group>";
		};
		7F80EA441FD3E54B00E948EF /* cells */ = {
			isa = PBXGroup;
			children = (
				7F80EA4D1FD3EA0600E948EF /* AccountTableViewCell.swift */,
				7F80EA4E1FD3EA0600E948EF /* AccountTableViewCell.xib */,
				7FF60BBD1FDF5935000B8BF3 /* ButtonTableViewCell.swift */,
				7FF60BBE1FDF5935000B8BF3 /* ButtonTableViewCell.xib */,
			);
			path = cells;
			sourceTree = "<group>";
		};
		7FA8F39D1FCBAC610077C4F5 = {
			isa = PBXGroup;
			children = (
				7FA8F3A81FCBAC610077C4F5 /* Passvault iOS */,
				7FA8F3A71FCBAC610077C4F5 /* Products */,
				5695FD6BE0099AB159E0C9AD /* Pods */,
				A39241865CD5CEC8122782E0 /* Frameworks */,
			);
			sourceTree = "<group>";
		};
		7FA8F3A71FCBAC610077C4F5 /* Products */ = {
			isa = PBXGroup;
			children = (
				7FA8F3A61FCBAC610077C4F5 /* Passvault iOS.app */,
			);
			name = Products;
			sourceTree = "<group>";
		};
		7FA8F3A81FCBAC610077C4F5 /* Passvault iOS */ = {
			isa = PBXGroup;
			children = (
				7FE3723E1FCBD615008EAA1F /* utils */,
				7FA8F3E11FCBB8070077C4F5 /* controller */,
				7FA8F3E01FCBB7F40077C4F5 /* view */,
				7FA8F3DF1FCBB7EA0077C4F5 /* model */,
				7FA8F3A91FCBAC610077C4F5 /* AppDelegate.swift */,
				7FA8F3B01FCBAC610077C4F5 /* Assets.xcassets */,
				7FA8F3B51FCBAC610077C4F5 /* Info.plist */,
				7FA8F3DC1FCBB4200077C4F5 /* Passvault iOS.xcdatamodeld */,
			);
			path = "Passvault iOS";
			sourceTree = "<group>";
		};
		7FA8F3DF1FCBB7EA0077C4F5 /* model */ = {
			isa = PBXGroup;
			children = (
				7FE3723C1FCBC295008EAA1F /* Account.swift */,
			);
			path = model;
			sourceTree = "<group>";
		};
		7FA8F3E01FCBB7F40077C4F5 /* view */ = {
			isa = PBXGroup;
			children = (
				7F80EA441FD3E54B00E948EF /* cells */,
				7FA8F3B21FCBAC610077C4F5 /* LaunchScreen.storyboard */,
				7FA8F3AD1FCBAC610077C4F5 /* Main.storyboard */,
			);
			path = view;
			sourceTree = "<group>";
		};
		7FA8F3E11FCBB8070077C4F5 /* controller */ = {
			isa = PBXGroup;
			children = (
				7FA8F3AB1FCBAC610077C4F5 /* LoginViewController.swift */,
				7F8E9BD71FCE86C1008397FA /* AccountsListViewController.swift */,
				7FAB59441FD00CF900FF8FF5 /* AccountDetailsViewController.swift */,
				7F0A578E1FD7452F00C72999 /* SettingsTabBarController.swift */,
				7F0A57901FD749A300C72999 /* GeneralSettingsViewController.swift */,
				7F0A57921FD749C500C72999 /* PasswordGeneratorSettingsViewController.swift */,
				7F0A57941FD74C9300C72999 /* SyncSettingsViewController.swift */,
				7F674D481FD9357200A0374A /* AddAccountViewController.swift */,
			);
			path = controller;
			sourceTree = "<group>";
		};
		7FE3723E1FCBD615008EAA1F /* utils */ = {
			isa = PBXGroup;
			children = (
				7F54EE381FCD5A58009C0F0D /* crypt */,
				7FE3723F1FCBD632008EAA1F /* Utils.swift */,
				7F14B0CB1FCE5DB100F6A203 /* CoreDataUtils.swift */,
				7FBDF57A1FD6528400F79D31 /* RandomPasswordGenerator.swift */,
				7FAD8E8B1FD988420081CB86 /* SyncClient.swift */,
				7F41B2601FDD49B700228884 /* SyncMessages.swift */,
			);
			path = utils;
			sourceTree = "<group>";
		};
		A39241865CD5CEC8122782E0 /* Frameworks */ = {
			isa = PBXGroup;
			children = (
				F9C073814ED4D6C1884191B4 /* Pods_Passvault_iOS.framework */,
			);
			name = Frameworks;
			sourceTree = "<group>";
		};
/* End PBXGroup section */

/* Begin PBXNativeTarget section */
		7FA8F3A51FCBAC610077C4F5 /* Passvault iOS */ = {
			isa = PBXNativeTarget;
			buildConfigurationList = 7FA8F3B81FCBAC610077C4F5 /* Build configuration list for PBXNativeTarget "Passvault iOS" */;
			buildPhases = (
				AD6CC0298E1F5A32D097CC6B /* [CP] Check Pods Manifest.lock */,
				7FA8F3A21FCBAC610077C4F5 /* Sources */,
				7FA8F3A31FCBAC610077C4F5 /* Frameworks */,
				7FA8F3A41FCBAC610077C4F5 /* Resources */,
				1DF2D58CC51751F137F4F6CB /* [CP] Embed Pods Frameworks */,
				57CB66987D103DE3D53727D8 /* [CP] Copy Pods Resources */,
			);
			buildRules = (
			);
			dependencies = (
			);
			name = "Passvault iOS";
			productName = "Passvault iOS";
			productReference = 7FA8F3A61FCBAC610077C4F5 /* Passvault iOS.app */;
			productType = "com.apple.product-type.application";
		};
/* End PBXNativeTarget section */

/* Begin PBXProject section */
		7FA8F39E1FCBAC610077C4F5 /* Project object */ = {
			isa = PBXProject;
			attributes = {
				LastSwiftUpdateCheck = 0910;
				LastUpgradeCheck = 0910;
				ORGANIZATIONNAME = "User One";
				TargetAttributes = {
					7FA8F3A51FCBAC610077C4F5 = {
						CreatedOnToolsVersion = 9.1;
						LastSwiftMigration = 0910;
						ProvisioningStyle = Automatic;
					};
				};
			};
			buildConfigurationList = 7FA8F3A11FCBAC610077C4F5 /* Build configuration list for PBXProject "Passvault iOS" */;
			compatibilityVersion = "Xcode 8.0";
			developmentRegion = en;
			hasScannedForEncodings = 0;
			knownRegions = (
				en,
				Base,
			);
			mainGroup = 7FA8F39D1FCBAC610077C4F5;
			productRefGroup = 7FA8F3A71FCBAC610077C4F5 /* Products */;
			projectDirPath = "";
			projectRoot = "";
			targets = (
				7FA8F3A51FCBAC610077C4F5 /* Passvault iOS */,
			);
		};
/* End PBXProject section */

/* Begin PBXResourcesBuildPhase section */
		7FA8F3A41FCBAC610077C4F5 /* Resources */ = {
			isa = PBXResourcesBuildPhase;
			buildActionMask = 2147483647;
			files = (
				7FA8F3B41FCBAC610077C4F5 /* LaunchScreen.storyboard in Resources */,
				7F80EA501FD3EA0600E948EF /* AccountTableViewCell.xib in Resources */,
				7FF60BC01FDF5935000B8BF3 /* ButtonTableViewCell.xib in Resources */,
				7FA8F3B11FCBAC610077C4F5 /* Assets.xcassets in Resources */,
				7FA8F3AF1FCBAC610077C4F5 /* Main.storyboard in Resources */,
			);
			runOnlyForDeploymentPostprocessing = 0;
		};
/* End PBXResourcesBuildPhase section */

/* Begin PBXShellScriptBuildPhase section */
		1DF2D58CC51751F137F4F6CB /* [CP] Embed Pods Frameworks */ = {
			isa = PBXShellScriptBuildPhase;
			buildActionMask = 2147483647;
			files = (
			);
			inputPaths = (
				"${SRCROOT}/Pods/Target Support Files/Pods-Passvault iOS/Pods-Passvault iOS-frameworks.sh",
				"${BUILT_PRODUCTS_DIR}/Alamofire/Alamofire.framework",
				"${BUILT_PRODUCTS_DIR}/AlamofireObjectMapper/AlamofireObjectMapper.framework",
				"${BUILT_PRODUCTS_DIR}/ObjectMapper/ObjectMapper.framework",
				"${BUILT_PRODUCTS_DIR}/SVProgressHUD/SVProgressHUD.framework",
				"${BUILT_PRODUCTS_DIR}/SwiftyJSON/SwiftyJSON.framework",
			);
			name = "[CP] Embed Pods Frameworks";
			outputPaths = (
				"${TARGET_BUILD_DIR}/${FRAMEWORKS_FOLDER_PATH}/Alamofire.framework",
				"${TARGET_BUILD_DIR}/${FRAMEWORKS_FOLDER_PATH}/AlamofireObjectMapper.framework",
				"${TARGET_BUILD_DIR}/${FRAMEWORKS_FOLDER_PATH}/ObjectMapper.framework",
				"${TARGET_BUILD_DIR}/${FRAMEWORKS_FOLDER_PATH}/SVProgressHUD.framework",
				"${TARGET_BUILD_DIR}/${FRAMEWORKS_FOLDER_PATH}/SwiftyJSON.framework",
			);
			runOnlyForDeploymentPostprocessing = 0;
			shellPath = /bin/sh;
			shellScript = "\"${SRCROOT}/Pods/Target Support Files/Pods-Passvault iOS/Pods-Passvault iOS-frameworks.sh\"\n";
			showEnvVarsInLog = 0;
		};
		57CB66987D103DE3D53727D8 /* [CP] Copy Pods Resources */ = {
			isa = PBXShellScriptBuildPhase;
			buildActionMask = 2147483647;
			files = (
			);
			inputPaths = (
			);
			name = "[CP] Copy Pods Resources";
			outputPaths = (
			);
			runOnlyForDeploymentPostprocessing = 0;
			shellPath = /bin/sh;
			shellScript = "\"${SRCROOT}/Pods/Target Support Files/Pods-Passvault iOS/Pods-Passvault iOS-resources.sh\"\n";
			showEnvVarsInLog = 0;
		};
		AD6CC0298E1F5A32D097CC6B /* [CP] Check Pods Manifest.lock */ = {
			isa = PBXShellScriptBuildPhase;
			buildActionMask = 2147483647;
			files = (
			);
			inputPaths = (
				"${PODS_PODFILE_DIR_PATH}/Podfile.lock",
				"${PODS_ROOT}/Manifest.lock",
			);
			name = "[CP] Check Pods Manifest.lock";
			outputPaths = (
				"$(DERIVED_FILE_DIR)/Pods-Passvault iOS-checkManifestLockResult.txt",
			);
			runOnlyForDeploymentPostprocessing = 0;
			shellPath = /bin/sh;
			shellScript = "diff \"${PODS_PODFILE_DIR_PATH}/Podfile.lock\" \"${PODS_ROOT}/Manifest.lock\" > /dev/null\nif [ $? != 0 ] ; then\n    # print error to STDERR\n    echo \"error: The sandbox is not in sync with the Podfile.lock. Run 'pod install' or update your CocoaPods installation.\" >&2\n    exit 1\nfi\n# This output is used by Xcode 'outputs' to avoid re-running this script phase.\necho \"SUCCESS\" > \"${SCRIPT_OUTPUT_FILE_0}\"\n";
			showEnvVarsInLog = 0;
		};
/* End PBXShellScriptBuildPhase section */

/* Begin PBXSourcesBuildPhase section */
		7FA8F3A21FCBAC610077C4F5 /* Sources */ = {
			isa = PBXSourcesBuildPhase;
			buildActionMask = 2147483647;
			files = (
				7F80EA4F1FD3EA0600E948EF /* AccountTableViewCell.swift in Sources */,
				7F54EE3E1FCD640C009C0F0D /* Crypt.swift in Sources */,
				7FE372401FCBD632008EAA1F /* Utils.swift in Sources */,
				7FA8F3AC1FCBAC610077C4F5 /* LoginViewController.swift in Sources */,
				7FBDF57B1FD6528400F79D31 /* RandomPasswordGenerator.swift in Sources */,
				7FE3723D1FCBC295008EAA1F /* Account.swift in Sources */,
				7FA8F3AA1FCBAC610077C4F5 /* AppDelegate.swift in Sources */,
				7FF60BBF1FDF5935000B8BF3 /* ButtonTableViewCell.swift in Sources */,
				7F14B0CC1FCE5DB100F6A203 /* CoreDataUtils.swift in Sources */,
				7F0A57931FD749C500C72999 /* PasswordGeneratorSettingsViewController.swift in Sources */,
				7FAD8E8C1FD988420081CB86 /* SyncClient.swift in Sources */,
				7FAB59451FD00CF900FF8FF5 /* AccountDetailsViewController.swift in Sources */,
				7F8E9BD81FCE86C1008397FA /* AccountsListViewController.swift in Sources */,
				7F41B2611FDD49B700228884 /* SyncMessages.swift in Sources */,
				7F0A57911FD749A300C72999 /* GeneralSettingsViewController.swift in Sources */,
				7F0A57951FD74C9300C72999 /* SyncSettingsViewController.swift in Sources */,
				7FA8F3DE1FCBB4200077C4F5 /* Passvault iOS.xcdatamodeld in Sources */,
				7F54EE3B1FCD5AB3009C0F0D /* CommonCrypto.m in Sources */,
				7F674D491FD9357200A0374A /* AddAccountViewController.swift in Sources */,
				7F0A578F1FD7452F00C72999 /* SettingsTabBarController.swift in Sources */,
			);
			runOnlyForDeploymentPostprocessing = 0;
		};
/* End PBXSourcesBuildPhase section */

/* Begin PBXVariantGroup section */
		7FA8F3AD1FCBAC610077C4F5 /* Main.storyboard */ = {
			isa = PBXVariantGroup;
			children = (
				7FA8F3AE1FCBAC610077C4F5 /* Base */,
			);
			name = Main.storyboard;
			sourceTree = "<group>";
		};
		7FA8F3B21FCBAC610077C4F5 /* LaunchScreen.storyboard */ = {
			isa = PBXVariantGroup;
			children = (
				7FA8F3B31FCBAC610077C4F5 /* Base */,
			);
			name = LaunchScreen.storyboard;
			sourceTree = "<group>";
		};
/* End PBXVariantGroup section */

/* Begin XCBuildConfiguration section */
		7FA8F3B61FCBAC610077C4F5 /* Debug */ = {
			isa = XCBuildConfiguration;
			buildSettings = {
				ALWAYS_SEARCH_USER_PATHS = NO;
				CLANG_ANALYZER_NONNULL = YES;
				CLANG_ANALYZER_NUMBER_OBJECT_CONVERSION = YES_AGGRESSIVE;
				CLANG_CXX_LANGUAGE_STANDARD = "gnu++14";
				CLANG_CXX_LIBRARY = "libc++";
				CLANG_ENABLE_MODULES = YES;
				CLANG_ENABLE_OBJC_ARC = YES;
				CLANG_WARN_BLOCK_CAPTURE_AUTORELEASING = YES;
				CLANG_WARN_BOOL_CONVERSION = YES;
				CLANG_WARN_COMMA = YES;
				CLANG_WARN_CONSTANT_CONVERSION = YES;
				CLANG_WARN_DIRECT_OBJC_ISA_USAGE = YES_ERROR;
				CLANG_WARN_DOCUMENTATION_COMMENTS = YES;
				CLANG_WARN_EMPTY_BODY = YES;
				CLANG_WARN_ENUM_CONVERSION = YES;
				CLANG_WARN_INFINITE_RECURSION = YES;
				CLANG_WARN_INT_CONVERSION = YES;
				CLANG_WARN_NON_LITERAL_NULL_CONVERSION = YES;
				CLANG_WARN_OBJC_LITERAL_CONVERSION = YES;
				CLANG_WARN_OBJC_ROOT_CLASS = YES_ERROR;
				CLANG_WARN_RANGE_LOOP_ANALYSIS = YES;
				CLANG_WARN_STRICT_PROTOTYPES = YES;
				CLANG_WARN_SUSPICIOUS_MOVE = YES;
				CLANG_WARN_UNGUARDED_AVAILABILITY = YES_AGGRESSIVE;
				CLANG_WARN_UNREACHABLE_CODE = YES;
				CLANG_WARN__DUPLICATE_METHOD_MATCH = YES;
				CODE_SIGN_IDENTITY = "iPhone Developer";
				COPY_PHASE_STRIP = NO;
				DEBUG_INFORMATION_FORMAT = dwarf;
				ENABLE_STRICT_OBJC_MSGSEND = YES;
				ENABLE_TESTABILITY = YES;
				GCC_C_LANGUAGE_STANDARD = gnu11;
				GCC_DYNAMIC_NO_PIC = NO;
				GCC_NO_COMMON_BLOCKS = YES;
				GCC_OPTIMIZATION_LEVEL = 0;
				GCC_PREPROCESSOR_DEFINITIONS = (
					"DEBUG=1",
					"$(inherited)",
				);
				GCC_WARN_64_TO_32_BIT_CONVERSION = YES;
				GCC_WARN_ABOUT_RETURN_TYPE = YES_ERROR;
				GCC_WARN_UNDECLARED_SELECTOR = YES;
				GCC_WARN_UNINITIALIZED_AUTOS = YES_AGGRESSIVE;
				GCC_WARN_UNUSED_FUNCTION = YES;
				GCC_WARN_UNUSED_VARIABLE = YES;
				IPHONEOS_DEPLOYMENT_TARGET = 11.1;
				MTL_ENABLE_DEBUG_INFO = YES;
				ONLY_ACTIVE_ARCH = YES;
				SDKROOT = iphoneos;
				SWIFT_ACTIVE_COMPILATION_CONDITIONS = DEBUG;
				SWIFT_OPTIMIZATION_LEVEL = "-Onone";
			};
			name = Debug;
		};
		7FA8F3B71FCBAC610077C4F5 /* Release */ = {
			isa = XCBuildConfiguration;
			buildSettings = {
				ALWAYS_SEARCH_USER_PATHS = NO;
				CLANG_ANALYZER_NONNULL = YES;
				CLANG_ANALYZER_NUMBER_OBJECT_CONVERSION = YES_AGGRESSIVE;
				CLANG_CXX_LANGUAGE_STANDARD = "gnu++14";
				CLANG_CXX_LIBRARY = "libc++";
				CLANG_ENABLE_MODULES = YES;
				CLANG_ENABLE_OBJC_ARC = YES;
				CLANG_WARN_BLOCK_CAPTURE_AUTORELEASING = YES;
				CLANG_WARN_BOOL_CONVERSION = YES;
				CLANG_WARN_COMMA = YES;
				CLANG_WARN_CONSTANT_CONVERSION = YES;
				CLANG_WARN_DIRECT_OBJC_ISA_USAGE = YES_ERROR;
				CLANG_WARN_DOCUMENTATION_COMMENTS = YES;
				CLANG_WARN_EMPTY_BODY = YES;
				CLANG_WARN_ENUM_CONVERSION = YES;
				CLANG_WARN_INFINITE_RECURSION = YES;
				CLANG_WARN_INT_CONVERSION = YES;
				CLANG_WARN_NON_LITERAL_NULL_CONVERSION = YES;
				CLANG_WARN_OBJC_LITERAL_CONVERSION = YES;
				CLANG_WARN_OBJC_ROOT_CLASS = YES_ERROR;
				CLANG_WARN_RANGE_LOOP_ANALYSIS = YES;
				CLANG_WARN_STRICT_PROTOTYPES = YES;
				CLANG_WARN_SUSPICIOUS_MOVE = YES;
				CLANG_WARN_UNGUARDED_AVAILABILITY = YES_AGGRESSIVE;
				CLANG_WARN_UNREACHABLE_CODE = YES;
				CLANG_WARN__DUPLICATE_METHOD_MATCH = YES;
				CODE_SIGN_IDENTITY = "iPhone Developer";
				COPY_PHASE_STRIP = NO;
				DEBUG_INFORMATION_FORMAT = "dwarf-with-dsym";
				ENABLE_NS_ASSERTIONS = NO;
				ENABLE_STRICT_OBJC_MSGSEND = YES;
				GCC_C_LANGUAGE_STANDARD = gnu11;
				GCC_NO_COMMON_BLOCKS = YES;
				GCC_WARN_64_TO_32_BIT_CONVERSION = YES;
				GCC_WARN_ABOUT_RETURN_TYPE = YES_ERROR;
				GCC_WARN_UNDECLARED_SELECTOR = YES;
				GCC_WARN_UNINITIALIZED_AUTOS = YES_AGGRESSIVE;
				GCC_WARN_UNUSED_FUNCTION = YES;
				GCC_WARN_UNUSED_VARIABLE = YES;
				IPHONEOS_DEPLOYMENT_TARGET = 11.1;
				MTL_ENABLE_DEBUG_INFO = NO;
				SDKROOT = iphoneos;
				SWIFT_OPTIMIZATION_LEVEL = "-Owholemodule";
				VALIDATE_PRODUCT = YES;
			};
			name = Release;
		};
		7FA8F3B91FCBAC610077C4F5 /* Debug */ = {
			isa = XCBuildConfiguration;
			baseConfigurationReference = B32F283F6512DCF560B69FBB /* Pods-Passvault iOS.debug.xcconfig */;
			buildSettings = {
				ASSETCATALOG_COMPILER_APPICON_NAME = AppIcon;
				CLANG_ENABLE_MODULES = YES;
				CODE_SIGN_STYLE = Automatic;
				INFOPLIST_FILE = "Passvault iOS/Info.plist";
				LD_RUNPATH_SEARCH_PATHS = "$(inherited) @executable_path/Frameworks";
				PRODUCT_BUNDLE_IDENTIFIER = "com.developernot.Passvault-iOS";
				PRODUCT_NAME = "$(TARGET_NAME)";
				SWIFT_OBJC_BRIDGING_HEADER = "Passvault iOS/utils/crypt/Passvault iOS-Bridging-Header.h";
				SWIFT_OPTIMIZATION_LEVEL = "-Onone";
				SWIFT_VERSION = 4.0;
				TARGETED_DEVICE_FAMILY = "1,2";
			};
			name = Debug;
		};
		7FA8F3BA1FCBAC610077C4F5 /* Release */ = {
			isa = XCBuildConfiguration;
			baseConfigurationReference = A372272A8AB16DDCE3FA898F /* Pods-Passvault iOS.release.xcconfig */;
			buildSettings = {
				ASSETCATALOG_COMPILER_APPICON_NAME = AppIcon;
				CLANG_ENABLE_MODULES = YES;
				CODE_SIGN_STYLE = Automatic;
				INFOPLIST_FILE = "Passvault iOS/Info.plist";
				LD_RUNPATH_SEARCH_PATHS = "$(inherited) @executable_path/Frameworks";
				PRODUCT_BUNDLE_IDENTIFIER = "com.developernot.Passvault-iOS";
				PRODUCT_NAME = "$(TARGET_NAME)";
				SWIFT_OBJC_BRIDGING_HEADER = "Passvault iOS/utils/crypt/Passvault iOS-Bridging-Header.h";
				SWIFT_VERSION = 4.0;
				TARGETED_DEVICE_FAMILY = "1,2";
			};
			name = Release;
		};
/* End XCBuildConfiguration section */

/* Begin XCConfigurationList section */
		7FA8F3A11FCBAC610077C4F5 /* Build configuration list for PBXProject "Passvault iOS" */ = {
			isa = XCConfigurationList;
			buildConfigurations = (
				7FA8F3B61FCBAC610077C4F5 /* Debug */,
				7FA8F3B71FCBAC610077C4F5 /* Release */,
			);
			defaultConfigurationIsVisible = 0;
			defaultConfigurationName = Release;
		};
		7FA8F3B81FCBAC610077C4F5 /* Build configuration list for PBXNativeTarget "Passvault iOS" */ = {
			isa = XCConfigurationList;
			buildConfigurations = (
				7FA8F3B91FCBAC610077C4F5 /* Debug */,
				7FA8F3BA1FCBAC610077C4F5 /* Release */,
			);
			defaultConfigurationIsVisible = 0;
			defaultConfigurationName = Release;
		};
/* End XCConfigurationList section */

/* Begin XCVersionGroup section */
		7FA8F3DC1FCBB4200077C4F5 /* Passvault iOS.xcdatamodeld */ = {
			isa = XCVersionGroup;
			children = (
				7FA8F3DD1FCBB4200077C4F5 /* Passvault iOS.xcdatamodel */,
			);
			currentVersion = 7FA8F3DD1FCBB4200077C4F5 /* Passvault iOS.xcdatamodel */;
			path = "Passvault iOS.xcdatamodeld";
			sourceTree = "<group>";
			versionGroupType = wrapper.xcdatamodel;
		};
/* End XCVersionGroup section */
	};
	rootObject = 7FA8F39E1FCBAC610077C4F5 /* Project object */;
}
